
Microsoft Visual Studio Solution File, Format Version 12.00
# Visual Studio Version 16
VisualStudioVersion = 16.0.30204.135
MinimumVisualStudioVersion = 10.0.40219.1
Project("{FAE04EC0-301F-11D3-BF4B-00C04F79EFBC}") = "GraphView", "GraphView.csproj", "{926F5D4F-AF59-493B-9D42-83C6E87EA6FC}"
EndProject
Global
	GlobalSection(SolutionConfigurationPlatforms) = preSolution
		Debug|Any CPU = Debug|Any CPU
		Release|Any CPU = Release|Any CPU
	EndGlobalSection
	GlobalSection(ProjectConfigurationPlatforms) = postSolution
		{926F5D4F-AF59-493B-9D42-83C6E87EA6FC}.Debug|Any CPU.ActiveCfg = Debug|Any CPU
		{926F5D4F-AF59-493B-9D42-83C6E87EA6FC}.Debug|Any CPU.Build.0 = Debug|Any CPU
		{926F5D4F-AF59-493B-9D42-83C6E87EA6FC}.Release|Any CPU.ActiveCfg = Release|Any CPU
		{926F5D4F-AF59-493B-9D42-83C6E87EA6FC}.Release|Any CPU.Build.0 = Release|Any CPU
	EndGlobalSection
	GlobalSection(SolutionProperties) = preSolution
		HideSolutionNode = FALSE
	EndGlobalSection
	GlobalSection(ExtensibilityGlobals) = postSolution
		SolutionGuid = {58950EA9-2601-4F16-AB4A-518A06F0C914}
	EndGlobalSection
EndGlobal
